
Microsoft Visual Studio Solution File, Format Version 12.00
# Visual Studio Version 17
VisualStudioVersion = 17.8.34525.116
MinimumVisualStudioVersion = 10.0.40219.1
Project("{9A19103F-16F7-4668-BE54-9A1E7A4F7556}") = "NewsAggregator", "News-Aggregator\NewsAggregator.csproj", "{B85A3099-1B20-4E67-8BFF-4FBFEA78E4EA}"
EndProject
Project("{9A19103F-16F7-4668-BE54-9A1E7A4F7556}") = "NewsAggregator.Data", "News-Aggregator-Data\NewsAggregator.Data.csproj", "{185206CB-3D03-4659-8CDF-481BCA1F93A6}"
EndProject
Global
	GlobalSection(SolutionConfigurationPlatforms) = preSolution
		Debug|Any CPU = Debug|Any CPU
		Release|Any CPU = Release|Any CPU
	EndGlobalSection
	GlobalSection(ProjectConfigurationPlatforms) = postSolution
		{B85A3099-1B20-4E67-8BFF-4FBFEA78E4EA}.Debug|Any CPU.ActiveCfg = Debug|Any CPU
		{B85A3099-1B20-4E67-8BFF-4FBFEA78E4EA}.Debug|Any CPU.Build.0 = Debug|Any CPU
		{B85A3099-1B20-4E67-8BFF-4FBFEA78E4EA}.Release|Any CPU.ActiveCfg = Release|Any CPU
		{B85A3099-1B20-4E67-8BFF-4FBFEA78E4EA}.Release|Any CPU.Build.0 = Release|Any CPU
		{185206CB-3D03-4659-8CDF-481BCA1F93A6}.Debug|Any CPU.ActiveCfg = Debug|Any CPU
		{185206CB-3D03-4659-8CDF-481BCA1F93A6}.Debug|Any CPU.Build.0 = Debug|Any CPU
		{185206CB-3D03-4659-8CDF-481BCA1F93A6}.Release|Any CPU.ActiveCfg = Release|Any CPU
		{185206CB-3D03-4659-8CDF-481BCA1F93A6}.Release|Any CPU.Build.0 = Release|Any CPU
	EndGlobalSection
	GlobalSection(SolutionProperties) = preSolution
		HideSolutionNode = FALSE
	EndGlobalSection
	GlobalSection(ExtensibilityGlobals) = postSolution
		SolutionGuid = {AB8C5C44-6010-443B-BA16-A4C7C0394A05}
	EndGlobalSection
EndGlobal
